
Microsoft Visual Studio Solution File, Format Version 12.00
# Visual Studio Version 16
VisualStudioVersion = 16.0.33214.272
MinimumVisualStudioVersion = 10.0.40219.1
Project("{FAE04EC0-301F-11D3-BF4B-00C04F79EFBC}") = "DAL_Aplicacion_Escritorio_Veterinaria", "DAL_Aplicacion_Escritorio_Veterinaria\DAL_Aplicacion_Escritorio_Veterinaria.csproj", "{D36185D3-5A73-4BE7-A451-5BB19BB77AD0}"
EndProject
Project("{FAE04EC0-301F-11D3-BF4B-00C04F79EFBC}") = "BLL_Aplicacion_Escritorio_Veterinaria", "BLL_Aplicacion_Escritorio_Veterinaria\BLL_Aplicacion_Escritorio_Veterinaria.csproj", "{C522C5B4-E086-4F3B-B0F1-DD2F54543018}"
EndProject
Project("{FAE04EC0-301F-11D3-BF4B-00C04F79EFBC}") = "PL_Aplicacion_Escritorio_Veterinaria", "PL_Aplicacion_Escritorio_Veterinaria\PL_Aplicacion_Escritorio_Veterinaria.csproj", "{0B986C69-617C-4954-8063-AC2BDCA4B599}"
EndProject
Project("{FAE04EC0-301F-11D3-BF4B-00C04F79EFBC}") = "BD_Prueba", "BD_Prueba\BD_Prueba.csproj", "{4B44E2F2-6B4C-4940-A288-E69E876EC27D}"
EndProject
Global
	GlobalSection(SolutionConfigurationPlatforms) = preSolution
		Debug|Any CPU = Debug|Any CPU
		Release|Any CPU = Release|Any CPU
	EndGlobalSection
	GlobalSection(ProjectConfigurationPlatforms) = postSolution
		{D36185D3-5A73-4BE7-A451-5BB19BB77AD0}.Debug|Any CPU.ActiveCfg = Debug|Any CPU
		{D36185D3-5A73-4BE7-A451-5BB19BB77AD0}.Debug|Any CPU.Build.0 = Debug|Any CPU
		{D36185D3-5A73-4BE7-A451-5BB19BB77AD0}.Release|Any CPU.ActiveCfg = Release|Any CPU
		{D36185D3-5A73-4BE7-A451-5BB19BB77AD0}.Release|Any CPU.Build.0 = Release|Any CPU
		{C522C5B4-E086-4F3B-B0F1-DD2F54543018}.Debug|Any CPU.ActiveCfg = Debug|Any CPU
		{C522C5B4-E086-4F3B-B0F1-DD2F54543018}.Debug|Any CPU.Build.0 = Debug|Any CPU
		{C522C5B4-E086-4F3B-B0F1-DD2F54543018}.Release|Any CPU.ActiveCfg = Release|Any CPU
		{C522C5B4-E086-4F3B-B0F1-DD2F54543018}.Release|Any CPU.Build.0 = Release|Any CPU
		{0B986C69-617C-4954-8063-AC2BDCA4B599}.Debug|Any CPU.ActiveCfg = Debug|Any CPU
		{0B986C69-617C-4954-8063-AC2BDCA4B599}.Debug|Any CPU.Build.0 = Debug|Any CPU
		{0B986C69-617C-4954-8063-AC2BDCA4B599}.Release|Any CPU.ActiveCfg = Release|Any CPU
		{0B986C69-617C-4954-8063-AC2BDCA4B599}.Release|Any CPU.Build.0 = Release|Any CPU
		{4B44E2F2-6B4C-4940-A288-E69E876EC27D}.Debug|Any CPU.ActiveCfg = Debug|Any CPU
		{4B44E2F2-6B4C-4940-A288-E69E876EC27D}.Debug|Any CPU.Build.0 = Debug|Any CPU
		{4B44E2F2-6B4C-4940-A288-E69E876EC27D}.Release|Any CPU.ActiveCfg = Release|Any CPU
		{4B44E2F2-6B4C-4940-A288-E69E876EC27D}.Release|Any CPU.Build.0 = Release|Any CPU
	EndGlobalSection
	GlobalSection(SolutionProperties) = preSolution
		HideSolutionNode = FALSE
	EndGlobalSection
	GlobalSection(ExtensibilityGlobals) = postSolution
		SolutionGuid = {90837F3F-5531-4E49-9B19-01DC31A73BF3}
	EndGlobalSection
EndGlobal
